
Microsoft Visual Studio Solution File, Format Version 12.00
# Visual Studio Version 16
VisualStudioVersion = 16.0.31112.23
MinimumVisualStudioVersion = 10.0.40219.1
Project("{FAE04EC0-301F-11D3-BF4B-00C04F79EFBC}") = "02.06", "02.06\02.06.csproj", "{78F526BB-A588-4F99-B0FA-677F9EC3B94E}"
EndProject
Project("{FAE04EC0-301F-11D3-BF4B-00C04F79EFBC}") = "2", "2\2.csproj", "{1CAF3F7D-7167-4367-98EA-B041D131AA2B}"
EndProject
Project("{FAE04EC0-301F-11D3-BF4B-00C04F79EFBC}") = "3", "3\3.csproj", "{D76786CB-0512-4C93-8E2B-81BEF5BC1DFE}"
EndProject
Project("{FAE04EC0-301F-11D3-BF4B-00C04F79EFBC}") = "4", "4\4.csproj", "{056674F6-4BA3-4A83-8E47-3D363E98D14D}"
EndProject
Project("{FAE04EC0-301F-11D3-BF4B-00C04F79EFBC}") = "5", "5\5.csproj", "{5F9A9021-D514-45A4-A0AE-BD11AABC2D2B}"
EndProject
Project("{FAE04EC0-301F-11D3-BF4B-00C04F79EFBC}") = "6", "6\6.csproj", "{C3559104-022E-431F-BADB-1DBD740CA7C8}"
EndProject
Project("{FAE04EC0-301F-11D3-BF4B-00C04F79EFBC}") = "7", "7\7.csproj", "{B174D8A5-1C8A-42AC-8CF7-5B56DAEB06CE}"
EndProject
Project("{FAE04EC0-301F-11D3-BF4B-00C04F79EFBC}") = "8", "8\8.csproj", "{58BCFE1F-8F8B-4478-BC22-8DC6266A8AD9}"
EndProject
Project("{FAE04EC0-301F-11D3-BF4B-00C04F79EFBC}") = "9", "9\9.csproj", "{3AB86EFE-48D4-4E42-A3B3-5A2D93C6FC5B}"
EndProject
Project("{FAE04EC0-301F-11D3-BF4B-00C04F79EFBC}") = "10", "10\10.csproj", "{747D9A29-0E75-4855-A0D9-38E3922297F7}"
EndProject
Project("{FAE04EC0-301F-11D3-BF4B-00C04F79EFBC}") = "11", "1\11.csproj", "{8B1A5734-8A89-4584-B3FB-3C103287969C}"
EndProject
Global
	GlobalSection(SolutionConfigurationPlatforms) = preSolution
		Debug|Any CPU = Debug|Any CPU
		Release|Any CPU = Release|Any CPU
	EndGlobalSection
	GlobalSection(ProjectConfigurationPlatforms) = postSolution
		{78F526BB-A588-4F99-B0FA-677F9EC3B94E}.Debug|Any CPU.ActiveCfg = Debug|Any CPU
		{78F526BB-A588-4F99-B0FA-677F9EC3B94E}.Debug|Any CPU.Build.0 = Debug|Any CPU
		{78F526BB-A588-4F99-B0FA-677F9EC3B94E}.Release|Any CPU.ActiveCfg = Release|Any CPU
		{78F526BB-A588-4F99-B0FA-677F9EC3B94E}.Release|Any CPU.Build.0 = Release|Any CPU
		{1CAF3F7D-7167-4367-98EA-B041D131AA2B}.Debug|Any CPU.ActiveCfg = Debug|Any CPU
		{1CAF3F7D-7167-4367-98EA-B041D131AA2B}.Debug|Any CPU.Build.0 = Debug|Any CPU
		{1CAF3F7D-7167-4367-98EA-B041D131AA2B}.Release|Any CPU.ActiveCfg = Release|Any CPU
		{1CAF3F7D-7167-4367-98EA-B041D131AA2B}.Release|Any CPU.Build.0 = Release|Any CPU
		{D76786CB-0512-4C93-8E2B-81BEF5BC1DFE}.Debug|Any CPU.ActiveCfg = Debug|Any CPU
		{D76786CB-0512-4C93-8E2B-81BEF5BC1DFE}.Debug|Any CPU.Build.0 = Debug|Any CPU
		{D76786CB-0512-4C93-8E2B-81BEF5BC1DFE}.Release|Any CPU.ActiveCfg = Release|Any CPU
		{D76786CB-0512-4C93-8E2B-81BEF5BC1DFE}.Release|Any CPU.Build.0 = Release|Any CPU
		{056674F6-4BA3-4A83-8E47-3D363E98D14D}.Debug|Any CPU.ActiveCfg = Debug|Any CPU
		{056674F6-4BA3-4A83-8E47-3D363E98D14D}.Debug|Any CPU.Build.0 = Debug|Any CPU
		{056674F6-4BA3-4A83-8E47-3D363E98D14D}.Release|Any CPU.ActiveCfg = Release|Any CPU
		{056674F6-4BA3-4A83-8E47-3D363E98D14D}.Release|Any CPU.Build.0 = Release|Any CPU
		{5F9A9021-D514-45A4-A0AE-BD11AABC2D2B}.Debug|Any CPU.ActiveCfg = Debug|Any CPU
		{5F9A9021-D514-45A4-A0AE-BD11AABC2D2B}.Debug|Any CPU.Build.0 = Debug|Any CPU
		{5F9A9021-D514-45A4-A0AE-BD11AABC2D2B}.Release|Any CPU.ActiveCfg = Release|Any CPU
		{5F9A9021-D514-45A4-A0AE-BD11AABC2D2B}.Release|Any CPU.Build.0 = Release|Any CPU
		{C3559104-022E-431F-BADB-1DBD740CA7C8}.Debug|Any CPU.ActiveCfg = Debug|Any CPU
		{C3559104-022E-431F-BADB-1DBD740CA7C8}.Debug|Any CPU.Build.0 = Debug|Any CPU
		{C3559104-022E-431F-BADB-1DBD740CA7C8}.Release|Any CPU.ActiveCfg = Release|Any CPU
		{C3559104-022E-431F-BADB-1DBD740CA7C8}.Release|Any CPU.Build.0 = Release|Any CPU
		{B174D8A5-1C8A-42AC-8CF7-5B56DAEB06CE}.Debug|Any CPU.ActiveCfg = Debug|Any CPU
		{B174D8A5-1C8A-42AC-8CF7-5B56DAEB06CE}.Debug|Any CPU.Build.0 = Debug|Any CPU
		{B174D8A5-1C8A-42AC-8CF7-5B56DAEB06CE}.Release|Any CPU.ActiveCfg = Release|Any CPU
		{B174D8A5-1C8A-42AC-8CF7-5B56DAEB06CE}.Release|Any CPU.Build.0 = Release|Any CPU
		{58BCFE1F-8F8B-4478-BC22-8DC6266A8AD9}.Debug|Any CPU.ActiveCfg = Debug|Any CPU
		{58BCFE1F-8F8B-4478-BC22-8DC6266A8AD9}.Debug|Any CPU.Build.0 = Debug|Any CPU
		{58BCFE1F-8F8B-4478-BC22-8DC6266A8AD9}.Release|Any CPU.ActiveCfg = Release|Any CPU
		{58BCFE1F-8F8B-4478-BC22-8DC6266A8AD9}.Release|Any CPU.Build.0 = Release|Any CPU
		{3AB86EFE-48D4-4E42-A3B3-5A2D93C6FC5B}.Debug|Any CPU.ActiveCfg = Debug|Any CPU
		{3AB86EFE-48D4-4E42-A3B3-5A2D93C6FC5B}.Debug|Any CPU.Build.0 = Debug|Any CPU
		{3AB86EFE-48D4-4E42-A3B3-5A2D93C6FC5B}.Release|Any CPU.ActiveCfg = Release|Any CPU
		{3AB86EFE-48D4-4E42-A3B3-5A2D93C6FC5B}.Release|Any CPU.Build.0 = Release|Any CPU
		{747D9A29-0E75-4855-A0D9-38E3922297F7}.Debug|Any CPU.ActiveCfg = Debug|Any CPU
		{747D9A29-0E75-4855-A0D9-38E3922297F7}.Debug|Any CPU.Build.0 = Debug|Any CPU
		{747D9A29-0E75-4855-A0D9-38E3922297F7}.Release|Any CPU.ActiveCfg = Release|Any CPU
		{747D9A29-0E75-4855-A0D9-38E3922297F7}.Release|Any CPU.Build.0 = Release|Any CPU
		{8B1A5734-8A89-4584-B3FB-3C103287969C}.Debug|Any CPU.ActiveCfg = Debug|Any CPU
		{8B1A5734-8A89-4584-B3FB-3C103287969C}.Debug|Any CPU.Build.0 = Debug|Any CPU
		{8B1A5734-8A89-4584-B3FB-3C103287969C}.Release|Any CPU.ActiveCfg = Release|Any CPU
		{8B1A5734-8A89-4584-B3FB-3C103287969C}.Release|Any CPU.Build.0 = Release|Any CPU
	EndGlobalSection
	GlobalSection(SolutionProperties) = preSolution
		HideSolutionNode = FALSE
	EndGlobalSection
	GlobalSection(ExtensibilityGlobals) = postSolution
		SolutionGuid = {ACA7418C-B5F6-4848-8D5D-B7DA882180B7}
	EndGlobalSection
EndGlobal
